
Microsoft Visual Studio Solution File, Format Version 12.00
Project("{FAE04EC0-301F-11D3-BF4B-00C04F79EFBC}") = "TakeAlwaysWeaponModSource", "TakeAlwaysWeaponModSource.csproj", "{2B920D3B-171B-4E32-AD7E-7E407E86D73D}"
EndProject
Global
	GlobalSection(SolutionConfigurationPlatforms) = preSolution
		Debug|Any CPU = Debug|Any CPU
		Release|Any CPU = Release|Any CPU
	EndGlobalSection
	GlobalSection(ProjectConfigurationPlatforms) = postSolution
		{2B920D3B-171B-4E32-AD7E-7E407E86D73D}.Debug|Any CPU.ActiveCfg = Debug|Any CPU
		{2B920D3B-171B-4E32-AD7E-7E407E86D73D}.Debug|Any CPU.Build.0 = Debug|Any CPU
		{2B920D3B-171B-4E32-AD7E-7E407E86D73D}.Release|Any CPU.ActiveCfg = Release|Any CPU
		{2B920D3B-171B-4E32-AD7E-7E407E86D73D}.Release|Any CPU.Deploy.0 = Release|Any CPU
	EndGlobalSection
EndGlobal
